// !$*UTF8*$!
{
	archiveVersion = 1;
	classes = {
	};
	objectVersion = 46;
	objects = {

/* Begin PBXBuildFile section */
		FE6409DF1D581ED500652BAC /* objcPullRefresh.h in Headers */ = {isa = PBXBuildFile; fileRef = FE6409DE1D581ED500652BAC /* objcPullRefresh.h */; settings = {ATTRIBUTES = (Public, ); }; };
		FE6409E61D581ED500652BAC /* objcPullRefresh.framework in Frameworks */ = {isa = PBXBuildFile; fileRef = FE6409DB1D581ED500652BAC /* objcPullRefresh.framework */; };
		FE6409EB1D581ED500652BAC /* objcPullRefreshTests.m in Sources */ = {isa = PBXBuildFile; fileRef = FE6409EA1D581ED500652BAC /* objcPullRefreshTests.m */; };
		FE6409F81D581EEA00652BAC /* Cartfile in Resources */ = {isa = PBXBuildFile; fileRef = FE6409F51D581EEA00652BAC /* Cartfile */; };
		FE6409F91D581EEA00652BAC /* objcImage.podspec in Resources */ = {isa = PBXBuildFile; fileRef = FE6409F61D581EEA00652BAC /* objcImage.podspec */; };
		FE640A031D581EF400652BAC /* UIScrollView+VDPullRefresh.h in Headers */ = {isa = PBXBuildFile; fileRef = FE6409FB1D581EF400652BAC /* UIScrollView+VDPullRefresh.h */; settings = {ATTRIBUTES = (Public, ); }; };
		FE640A041D581EF400652BAC /* UIScrollView+VDPullRefresh.m in Sources */ = {isa = PBXBuildFile; fileRef = FE6409FC1D581EF400652BAC /* UIScrollView+VDPullRefresh.m */; };
		FE640A051D581EF400652BAC /* VDDefaultPullingView.h in Headers */ = {isa = PBXBuildFile; fileRef = FE6409FD1D581EF400652BAC /* VDDefaultPullingView.h */; settings = {ATTRIBUTES = (Public, ); }; };
		FE640A061D581EF400652BAC /* VDDefaultPullingView.m in Sources */ = {isa = PBXBuildFile; fileRef = FE6409FE1D581EF400652BAC /* VDDefaultPullingView.m */; };
		FE640A071D581EF400652BAC /* VDPullRefreshElement.h in Headers */ = {isa = PBXBuildFile; fileRef = FE6409FF1D581EF400652BAC /* VDPullRefreshElement.h */; settings = {ATTRIBUTES = (Public, ); }; };
		FE640A081D581EF400652BAC /* VDPullRefreshElement.m in Sources */ = {isa = PBXBuildFile; fileRef = FE640A001D581EF400652BAC /* VDPullRefreshElement.m */; };
		FE640A091D581EF400652BAC /* VDPullRefreshManager.h in Headers */ = {isa = PBXBuildFile; fileRef = FE640A011D581EF400652BAC /* VDPullRefreshManager.h */; settings = {ATTRIBUTES = (Public, ); }; };
		FE640A0A1D581EF400652BAC /* VDPullRefreshManager.m in Sources */ = {isa = PBXBuildFile; fileRef = FE640A021D581EF400652BAC /* VDPullRefreshManager.m */; };
		FE640A0C1D581F5900652BAC /* objcKeyPath.framework in Frameworks */ = {isa = PBXBuildFile; fileRef = FE640A0B1D581F5900652BAC /* objcKeyPath.framework */; };
/* End PBXBuildFile section */

/* Begin PBXContainerItemProxy section */
		FE6409E71D581ED500652BAC /* PBXContainerItemProxy */ = {
			isa = PBXContainerItemProxy;
			containerPortal = FE6409D21D581ED500652BAC /* Project object */;
			proxyType = 1;
			remoteGlobalIDString = FE6409DA1D581ED500652BAC;
			remoteInfo = objcPullRefresh;
		};
/* End PBXContainerItemProxy section */

/* Begin PBXFileReference section */
		FE6409DB1D581ED500652BAC /* objcPullRefresh.framework */ = {isa = PBXFileReference; explicitFileType = wrapper.framework; includeInIndex = 0; path = objcPullRefresh.framework; sourceTree = BUILT_PRODUCTS_DIR; };
		FE6409DE1D581ED500652BAC /* objcPullRefresh.h */ = {isa = PBXFileReference; lastKnownFileType = sourcecode.c.h; path = objcPullRefresh.h; sourceTree = "<group>"; };
		FE6409E01D581ED500652BAC /* Info.plist */ = {isa = PBXFileReference; lastKnownFileType = text.plist.xml; path = Info.plist; sourceTree = "<group>"; };
		FE6409E51D581ED500652BAC /* objcPullRefreshTests.xctest */ = {isa = PBXFileReference; explicitFileType = wrapper.cfbundle; includeInIndex = 0; path = objcPullRefreshTests.xctest; sourceTree = BUILT_PRODUCTS_DIR; };
		FE6409EA1D581ED500652BAC /* objcPullRefreshTests.m */ = {isa = PBXFileReference; lastKnownFileType = sourcecode.c.objc; path = objcPullRefreshTests.m; sourceTree = "<group>"; };
		FE6409EC1D581ED500652BAC /* Info.plist */ = {isa = PBXFileReference; lastKnownFileType = text.plist.xml; path = Info.plist; sourceTree = "<group>"; };
		FE6409F51D581EEA00652BAC /* Cartfile */ = {isa = PBXFileReference; fileEncoding = 4; lastKnownFileType = text; path = Cartfile; sourceTree = "<group>"; };
		FE6409F61D581EEA00652BAC /* objcImage.podspec */ = {isa = PBXFileReference; fileEncoding = 4; lastKnownFileType = text; path = objcImage.podspec; sourceTree = "<group>"; };
		FE6409F71D581EEA00652BAC /* README.md */ = {isa = PBXFileReference; fileEncoding = 4; lastKnownFileType = net.daringfireball.markdown; path = README.md; sourceTree = "<group>"; };
		FE6409FB1D581EF400652BAC /* UIScrollView+VDPullRefresh.h */ = {isa = PBXFileReference; fileEncoding = 4; lastKnownFileType = sourcecode.c.h; path = "UIScrollView+VDPullRefresh.h"; sourceTree = "<group>"; };
		FE6409FC1D581EF400652BAC /* UIScrollView+VDPullRefresh.m */ = {isa = PBXFileReference; fileEncoding = 4; lastKnownFileType = sourcecode.c.objc; path = "UIScrollView+VDPullRefresh.m"; sourceTree = "<group>"; };
		FE6409FD1D581EF400652BAC /* VDDefaultPullingView.h */ = {isa = PBXFileReference; fileEncoding = 4; lastKnownFileType = sourcecode.c.h; path = VDDefaultPullingView.h; sourceTree = "<group>"; };
		FE6409FE1D581EF400652BAC /* VDDefaultPullingView.m */ = {isa = PBXFileReference; fileEncoding = 4; lastKnownFileType = sourcecode.c.objc; path = VDDefaultPullingView.m; sourceTree = "<group>"; };
		FE6409FF1D581EF400652BAC /* VDPullRefreshElement.h */ = {isa = PBXFileReference; fileEncoding = 4; lastKnownFileType = sourcecode.c.h; path = VDPullRefreshElement.h; sourceTree = "<group>"; };
		FE640A001D581EF400652BAC /* VDPullRefreshElement.m */ = {isa = PBXFileReference; fileEncoding = 4; lastKnownFileType = sourcecode.c.objc; path = VDPullRefreshElement.m; sourceTree = "<group>"; };
		FE640A011D581EF400652BAC /* VDPullRefreshManager.h */ = {isa = PBXFileReference; fileEncoding = 4; lastKnownFileType = sourcecode.c.h; path = VDPullRefreshManager.h; sourceTree = "<group>"; };
		FE640A021D581EF400652BAC /* VDPullRefreshManager.m */ = {isa = PBXFileReference; fileEncoding = 4; lastKnownFileType = sourcecode.c.objc; path = VDPullRefreshManager.m; sourceTree = "<group>"; };
		FE640A0B1D581F5900652BAC /* objcKeyPath.framework */ = {isa = PBXFileReference; lastKnownFileType = wrapper.framework; name = objcKeyPath.framework; path = Carthage/Build/iOS/objcKeyPath.framework; sourceTree = "<group>"; };
/* End PBXFileReference section */

/* Begin PBXFrameworksBuildPhase section */
		FE6409D71D581ED500652BAC /* Frameworks */ = {
			isa = PBXFrameworksBuildPhase;
			buildActionMask = 2147483647;
			files = (
				FE640A0C1D581F5900652BAC /* objcKeyPath.framework in Frameworks */,
			);
			runOnlyForDeploymentPostprocessing = 0;
		};
		FE6409E21D581ED500652BAC /* Frameworks */ = {
			isa = PBXFrameworksBuildPhase;
			buildActionMask = 2147483647;
			files = (
				FE6409E61D581ED500652BAC /* objcPullRefresh.framework in Frameworks */,
			);
			runOnlyForDeploymentPostprocessing = 0;
		};
/* End PBXFrameworksBuildPhase section */

/* Begin PBXGroup section */
		FE6409D11D581ED500652BAC = {
			isa = PBXGroup;
			children = (
				FE640A0B1D581F5900652BAC /* objcKeyPath.framework */,
				FE6409DD1D581ED500652BAC /* objcPullRefresh */,
				FE6409E91D581ED500652BAC /* objcPullRefreshTests */,
				FE6409DC1D581ED500652BAC /* Products */,
				FE6409F51D581EEA00652BAC /* Cartfile */,
				FE6409F61D581EEA00652BAC /* objcImage.podspec */,
				FE6409F71D581EEA00652BAC /* README.md */,
			);
			sourceTree = "<group>";
		};
		FE6409DC1D581ED500652BAC /* Products */ = {
			isa = PBXGroup;
			children = (
				FE6409DB1D581ED500652BAC /* objcPullRefresh.framework */,
				FE6409E51D581ED500652BAC /* objcPullRefreshTests.xctest */,
			);
			name = Products;
			sourceTree = "<group>";
		};
		FE6409DD1D581ED500652BAC /* objcPullRefresh */ = {
			isa = PBXGroup;
			children = (
				FE6409DE1D581ED500652BAC /* objcPullRefresh.h */,
				FE6409E01D581ED500652BAC /* Info.plist */,
				FE6409FB1D581EF400652BAC /* UIScrollView+VDPullRefresh.h */,
				FE6409FC1D581EF400652BAC /* UIScrollView+VDPullRefresh.m */,
				FE6409FD1D581EF400652BAC /* VDDefaultPullingView.h */,
				FE6409FE1D581EF400652BAC /* VDDefaultPullingView.m */,
				FE6409FF1D581EF400652BAC /* VDPullRefreshElement.h */,
				FE640A001D581EF400652BAC /* VDPullRefreshElement.m */,
				FE640A011D581EF400652BAC /* VDPullRefreshManager.h */,
				FE640A021D581EF400652BAC /* VDPullRefreshManager.m */,
			);
			path = objcPullRefresh;
			sourceTree = "<group>";
		};
		FE6409E91D581ED500652BAC /* objcPullRefreshTests */ = {
			isa = PBXGroup;
			children = (
				FE6409EA1D581ED500652BAC /* objcPullRefreshTests.m */,
				FE6409EC1D581ED500652BAC /* Info.plist */,
			);
			path = objcPullRefreshTests;
			sourceTree = "<group>";
		};
/* End PBXGroup section */

/* Begin PBXHeadersBuildPhase section */
		FE6409D81D581ED500652BAC /* Headers */ = {
			isa = PBXHeadersBuildPhase;
			buildActionMask = 2147483647;
			files = (
				FE640A071D581EF400652BAC /* VDPullRefreshElement.h in Headers */,
				FE640A091D581EF400652BAC /* VDPullRefreshManager.h in Headers */,
				FE6409DF1D581ED500652BAC /* objcPullRefresh.h in Headers */,
				FE640A051D581EF400652BAC /* VDDefaultPullingView.h in Headers */,
				FE640A031D581EF400652BAC /* UIScrollView+VDPullRefresh.h in Headers */,
			);
			runOnlyForDeploymentPostprocessing = 0;
		};
/* End PBXHeadersBuildPhase section */

/* Begin PBXNativeTarget section */
		FE6409DA1D581ED500652BAC /* objcPullRefresh */ = {
			isa = PBXNativeTarget;
			buildConfigurationList = FE6409EF1D581ED500652BAC /* Build configuration list for PBXNativeTarget "objcPullRefresh" */;
			buildPhases = (
				FE6409D61D581ED500652BAC /* Sources */,
				FE6409D71D581ED500652BAC /* Frameworks */,
				FE6409D81D581ED500652BAC /* Headers */,
				FE6409D91D581ED500652BAC /* Resources */,
			);
			buildRules = (
			);
			dependencies = (
			);
			name = objcPullRefresh;
			productName = objcPullRefresh;
			productReference = FE6409DB1D581ED500652BAC /* objcPullRefresh.framework */;
			productType = "com.apple.product-type.framework";
		};
		FE6409E41D581ED500652BAC /* objcPullRefreshTests */ = {
			isa = PBXNativeTarget;
			buildConfigurationList = FE6409F21D581ED500652BAC /* Build configuration list for PBXNativeTarget "objcPullRefreshTests" */;
			buildPhases = (
				FE6409E11D581ED500652BAC /* Sources */,
				FE6409E21D581ED500652BAC /* Frameworks */,
				FE6409E31D581ED500652BAC /* Resources */,
			);
			buildRules = (
			);
			dependencies = (
				FE6409E81D581ED500652BAC /* PBXTargetDependency */,
			);
			name = objcPullRefreshTests;
			productName = objcPullRefreshTests;
			productReference = FE6409E51D581ED500652BAC /* objcPullRefreshTests.xctest */;
			productType = "com.apple.product-type.bundle.unit-test";
		};
/* End PBXNativeTarget section */

/* Begin PBXProject section */
		FE6409D21D581ED500652BAC /* Project object */ = {
			isa = PBXProject;
			attributes = {
				LastUpgradeCheck = 0730;
				ORGANIZATIONNAME = vilyever;
				TargetAttributes = {
					FE6409DA1D581ED500652BAC = {
						CreatedOnToolsVersion = 7.3.1;
						DevelopmentTeam = 2594YAARKH;
					};
					FE6409E41D581ED500652BAC = {
						CreatedOnToolsVersion = 7.3.1;
						DevelopmentTeam = 2594YAARKH;
					};
				};
			};
			buildConfigurationList = FE6409D51D581ED500652BAC /* Build configuration list for PBXProject "objcPullRefresh" */;
			compatibilityVersion = "Xcode 3.2";
			developmentRegion = English;
			hasScannedForEncodings = 0;
			knownRegions = (
				en,
			);
			mainGroup = FE6409D11D581ED500652BAC;
			productRefGroup = FE6409DC1D581ED500652BAC /* Products */;
			projectDirPath = "";
			projectRoot = "";
			targets = (
				FE6409DA1D581ED500652BAC /* objcPullRefresh */,
				FE6409E41D581ED500652BAC /* objcPullRefreshTests */,
			);
		};
/* End PBXProject section */

/* Begin PBXResourcesBuildPhase section */
		FE6409D91D581ED500652BAC /* Resources */ = {
			isa = PBXResourcesBuildPhase;
			buildActionMask = 2147483647;
			files = (
				FE6409F91D581EEA00652BAC /* objcImage.podspec in Resources */,
				FE6409F81D581EEA00652BAC /* Cartfile in Resources */,
			);
			runOnlyForDeploymentPostprocessing = 0;
		};
		FE6409E31D581ED500652BAC /* Resources */ = {
			isa = PBXResourcesBuildPhase;
			buildActionMask = 2147483647;
			files = (
			);
			runOnlyForDeploymentPostprocessing = 0;
		};
/* End PBXResourcesBuildPhase section */

/* Begin PBXSourcesBuildPhase section */
		FE6409D61D581ED500652BAC /* Sources */ = {
			isa = PBXSourcesBuildPhase;
			buildActionMask = 2147483647;
			files = (
				FE640A041D581EF400652BAC /* UIScrollView+VDPullRefresh.m in Sources */,
				FE640A0A1D581EF400652BAC /* VDPullRefreshManager.m in Sources */,
				FE640A081D581EF400652BAC /* VDPullRefreshElement.m in Sources */,
				FE640A061D581EF400652BAC /* VDDefaultPullingView.m in Sources */,
			);
			runOnlyForDeploymentPostprocessing = 0;
		};
		FE6409E11D581ED500652BAC /* Sources */ = {
			isa = PBXSourcesBuildPhase;
			buildActionMask = 2147483647;
			files = (
				FE6409EB1D581ED500652BAC /* objcPullRefreshTests.m in Sources */,
			);
			runOnlyForDeploymentPostprocessing = 0;
		};
/* End PBXSourcesBuildPhase section */

/* Begin PBXTargetDependency section */
		FE6409E81D581ED500652BAC /* PBXTargetDependency */ = {
			isa = PBXTargetDependency;
			target = FE6409DA1D581ED500652BAC /* objcPullRefresh */;
			targetProxy = FE6409E71D581ED500652BAC /* PBXContainerItemProxy */;
		};
/* End PBXTargetDependency section */

/* Begin XCBuildConfiguration section */
		FE6409ED1D581ED500652BAC /* Debug */ = {
			isa = XCBuildConfiguration;
			buildSettings = {
				ALWAYS_SEARCH_USER_PATHS = NO;
				CLANG_ANALYZER_NONNULL = YES;
				CLANG_CXX_LANGUAGE_STANDARD = "gnu++0x";
				CLANG_CXX_LIBRARY = "libc++";
				CLANG_ENABLE_MODULES = YES;
				CLANG_ENABLE_OBJC_ARC = YES;
				CLANG_WARN_BOOL_CONVERSION = YES;
				CLANG_WARN_CONSTANT_CONVERSION = YES;
				CLANG_WARN_DIRECT_OBJC_ISA_USAGE = YES_ERROR;
				CLANG_WARN_EMPTY_BODY = YES;
				CLANG_WARN_ENUM_CONVERSION = YES;
				CLANG_WARN_INT_CONVERSION = YES;
				CLANG_WARN_OBJC_ROOT_CLASS = YES_ERROR;
				CLANG_WARN_UNREACHABLE_CODE = YES;
				CLANG_WARN__DUPLICATE_METHOD_MATCH = YES;
				"CODE_SIGN_IDENTITY[sdk=iphoneos*]" = "iPhone Developer";
				COPY_PHASE_STRIP = NO;
				CURRENT_PROJECT_VERSION = 1;
				DEBUG_INFORMATION_FORMAT = dwarf;
				ENABLE_STRICT_OBJC_MSGSEND = YES;
				ENABLE_TESTABILITY = YES;
				GCC_C_LANGUAGE_STANDARD = gnu99;
				GCC_DYNAMIC_NO_PIC = NO;
				GCC_NO_COMMON_BLOCKS = YES;
				GCC_OPTIMIZATION_LEVEL = 0;
				GCC_PREPROCESSOR_DEFINITIONS = (
					"DEBUG=1",
					"$(inherited)",
				);
				GCC_WARN_64_TO_32_BIT_CONVERSION = YES;
				GCC_WARN_ABOUT_RETURN_TYPE = YES_ERROR;
				GCC_WARN_UNDECLARED_SELECTOR = YES;
				GCC_WARN_UNINITIALIZED_AUTOS = YES_AGGRESSIVE;
				GCC_WARN_UNUSED_FUNCTION = YES;
				GCC_WARN_UNUSED_VARIABLE = YES;
				IPHONEOS_DEPLOYMENT_TARGET = 9.3;
				MTL_ENABLE_DEBUG_INFO = YES;
				ONLY_ACTIVE_ARCH = YES;
				SDKROOT = iphoneos;
				TARGETED_DEVICE_FAMILY = "1,2";
				VERSIONING_SYSTEM = "apple-generic";
				VERSION_INFO_PREFIX = "";
			};
			name = Debug;
		};
		FE6409EE1D581ED500652BAC /* Release */ = {
			isa = XCBuildConfiguration;
			buildSettings = {
				ALWAYS_SEARCH_USER_PATHS = NO;
				CLANG_ANALYZER_NONNULL = YES;
				CLANG_CXX_LANGUAGE_STANDARD = "gnu++0x";
				CLANG_CXX_LIBRARY = "libc++";
				CLANG_ENABLE_MODULES = YES;
				CLANG_ENABLE_OBJC_ARC = YES;
				CLANG_WARN_BOOL_CONVERSION = YES;
				CLANG_WARN_CONSTANT_CONVERSION = YES;
				CLANG_WARN_DIRECT_OBJC_ISA_USAGE = YES_ERROR;
				CLANG_WARN_EMPTY_BODY = YES;
				CLANG_WARN_ENUM_CONVERSION = YES;
				CLANG_WARN_INT_CONVERSION = YES;
				CLANG_WARN_OBJC_ROOT_CLASS = YES_ERROR;
				CLANG_WARN_UNREACHABLE_CODE = YES;
				CLANG_WARN__DUPLICATE_METHOD_MATCH = YES;
				"CODE_SIGN_IDENTITY[sdk=iphoneos*]" = "iPhone Developer";
				COPY_PHASE_STRIP = NO;
				CURRENT_PROJECT_VERSION = 1;
				DEBUG_INFORMATION_FORMAT = "dwarf-with-dsym";
				ENABLE_NS_ASSERTIONS = NO;
				ENABLE_STRICT_OBJC_MSGSEND = YES;
				GCC_C_LANGUAGE_STANDARD = gnu99;
				GCC_NO_COMMON_BLOCKS = YES;
				GCC_WARN_64_TO_32_BIT_CONVERSION = YES;
				GCC_WARN_ABOUT_RETURN_TYPE = YES_ERROR;
				GCC_WARN_UNDECLARED_SELECTOR = YES;
				GCC_WARN_UNINITIALIZED_AUTOS = YES_AGGRESSIVE;
				GCC_WARN_UNUSED_FUNCTION = YES;
				GCC_WARN_UNUSED_VARIABLE = YES;
				IPHONEOS_DEPLOYMENT_TARGET = 9.3;
				MTL_ENABLE_DEBUG_INFO = NO;
				SDKROOT = iphoneos;
				TARGETED_DEVICE_FAMILY = "1,2";
				VALIDATE_PRODUCT = YES;
				VERSIONING_SYSTEM = "apple-generic";
				VERSION_INFO_PREFIX = "";
			};
			name = Release;
		};
		FE6409F01D581ED500652BAC /* Debug */ = {
			isa = XCBuildConfiguration;
			buildSettings = {
				DEFINES_MODULE = YES;
				DYLIB_COMPATIBILITY_VERSION = 1;
				DYLIB_CURRENT_VERSION = 1;
				DYLIB_INSTALL_NAME_BASE = "@rpath";
				FRAMEWORK_SEARCH_PATHS = (
					"$(inherited)",
					"$(PROJECT_DIR)/Carthage/Build/iOS",
				);
				INFOPLIST_FILE = objcPullRefresh/Info.plist;
				INSTALL_PATH = "$(LOCAL_LIBRARY_DIR)/Frameworks";
				LD_RUNPATH_SEARCH_PATHS = "$(inherited) @executable_path/Frameworks @loader_path/Frameworks";
				PRODUCT_BUNDLE_IDENTIFIER = vilyever.objcPullRefresh;
				PRODUCT_NAME = "$(TARGET_NAME)";
				SKIP_INSTALL = YES;
			};
			name = Debug;
		};
		FE6409F11D581ED500652BAC /* Release */ = {
			isa = XCBuildConfiguration;
			buildSettings = {
				DEFINES_MODULE = YES;
				DYLIB_COMPATIBILITY_VERSION = 1;
				DYLIB_CURRENT_VERSION = 1;
				DYLIB_INSTALL_NAME_BASE = "@rpath";
				FRAMEWORK_SEARCH_PATHS = (
					"$(inherited)",
					"$(PROJECT_DIR)/Carthage/Build/iOS",
				);
				INFOPLIST_FILE = objcPullRefresh/Info.plist;
				INSTALL_PATH = "$(LOCAL_LIBRARY_DIR)/Frameworks";
				LD_RUNPATH_SEARCH_PATHS = "$(inherited) @executable_path/Frameworks @loader_path/Frameworks";
				PRODUCT_BUNDLE_IDENTIFIER = vilyever.objcPullRefresh;
				PRODUCT_NAME = "$(TARGET_NAME)";
				SKIP_INSTALL = YES;
			};
			name = Release;
		};
		FE6409F31D581ED500652BAC /* Debug */ = {
			isa = XCBuildConfiguration;
			buildSettings = {
				INFOPLIST_FILE = objcPullRefreshTests/Info.plist;
				LD_RUNPATH_SEARCH_PATHS = "$(inherited) @executable_path/Frameworks @loader_path/Frameworks";
				PRODUCT_BUNDLE_IDENTIFIER = vilyever.objcPullRefreshTests;
				PRODUCT_NAME = "$(TARGET_NAME)";
			};
			name = Debug;
		};
		FE6409F41D581ED500652BAC /* Release */ = {
			isa = XCBuildConfiguration;
			buildSettings = {
				INFOPLIST_FILE = objcPullRefreshTests/Info.plist;
				LD_RUNPATH_SEARCH_PATHS = "$(inherited) @executable_path/Frameworks @loader_path/Frameworks";
				PRODUCT_BUNDLE_IDENTIFIER = vilyever.objcPullRefreshTests;
				PRODUCT_NAME = "$(TARGET_NAME)";
			};
			name = Release;
		};
/* End XCBuildConfiguration section */

/* Begin XCConfigurationList section */
		FE6409D51D581ED500652BAC /* Build configuration list for PBXProject "objcPullRefresh" */ = {
			isa = XCConfigurationList;
			buildConfigurations = (
				FE6409ED1D581ED500652BAC /* Debug */,
				FE6409EE1D581ED500652BAC /* Release */,
			);
			defaultConfigurationIsVisible = 0;
			defaultConfigurationName = Release;
		};
		FE6409EF1D581ED500652BAC /* Build configuration list for PBXNativeTarget "objcPullRefresh" */ = {
			isa = XCConfigurationList;
			buildConfigurations = (
				FE6409F01D581ED500652BAC /* Debug */,
				FE6409F11D581ED500652BAC /* Release */,
			);
			defaultConfigurationIsVisible = 0;
		};
		FE6409F21D581ED500652BAC /* Build configuration list for PBXNativeTarget "objcPullRefreshTests" */ = {
			isa = XCConfigurationList;
			buildConfigurations = (
				FE6409F31D581ED500652BAC /* Debug */,
				FE6409F41D581ED500652BAC /* Release */,
			);
			defaultConfigurationIsVisible = 0;
		};
/* End XCConfigurationList section */
	};
	rootObject = FE6409D21D581ED500652BAC /* Project object */;
}
